
Microsoft Visual Studio Solution File, Format Version 12.00
# Visual Studio 15
VisualStudioVersion = 15.0.27703.2047
MinimumVisualStudioVersion = 10.0.40219.1
Project("{FAE04EC0-301F-11D3-BF4B-00C04F79EFBC}") = "SIT313A2.Android", "SIT313A2\SIT313A2.Android\SIT313A2.Android.csproj", "{5793DCB6-F9F6-44BD-8569-8A6ECFD64E6F}"
EndProject
Project("{FAE04EC0-301F-11D3-BF4B-00C04F79EFBC}") = "SIT313A2.iOS", "SIT313A2\SIT313A2.iOS\SIT313A2.iOS.csproj", "{7EC2AB4A-1404-4D5E-820A-0805F8234A71}"
EndProject
Project("{FAE04EC0-301F-11D3-BF4B-00C04F79EFBC}") = "SIT313A2", "SIT313A2\SIT313A2\SIT313A2.csproj", "{C9D7F6E9-DBC4-40C4-84C2-3ADF3FB59DD9}"
EndProject
Global
	GlobalSection(SolutionConfigurationPlatforms) = preSolution
		Ad-Hoc|Any CPU = Ad-Hoc|Any CPU
		Ad-Hoc|iPhone = Ad-Hoc|iPhone
		Ad-Hoc|iPhoneSimulator = Ad-Hoc|iPhoneSimulator
		AppStore|Any CPU = AppStore|Any CPU
		AppStore|iPhone = AppStore|iPhone
		AppStore|iPhoneSimulator = AppStore|iPhoneSimulator
		Debug|Any CPU = Debug|Any CPU
		Debug|iPhone = Debug|iPhone
		Debug|iPhoneSimulator = Debug|iPhoneSimulator
		Release|Any CPU = Release|Any CPU
		Release|iPhone = Release|iPhone
		Release|iPhoneSimulator = Release|iPhoneSimulator
	EndGlobalSection
	GlobalSection(ProjectConfigurationPlatforms) = postSolution
		{5793DCB6-F9F6-44BD-8569-8A6ECFD64E6F}.Ad-Hoc|Any CPU.ActiveCfg = Release|Any CPU
		{5793DCB6-F9F6-44BD-8569-8A6ECFD64E6F}.Ad-Hoc|Any CPU.Build.0 = Release|Any CPU
		{5793DCB6-F9F6-44BD-8569-8A6ECFD64E6F}.Ad-Hoc|Any CPU.Deploy.0 = Release|Any CPU
		{5793DCB6-F9F6-44BD-8569-8A6ECFD64E6F}.Ad-Hoc|iPhone.ActiveCfg = Release|Any CPU
		{5793DCB6-F9F6-44BD-8569-8A6ECFD64E6F}.Ad-Hoc|iPhone.Build.0 = Release|Any CPU
		{5793DCB6-F9F6-44BD-8569-8A6ECFD64E6F}.Ad-Hoc|iPhone.Deploy.0 = Release|Any CPU
		{5793DCB6-F9F6-44BD-8569-8A6ECFD64E6F}.Ad-Hoc|iPhoneSimulator.ActiveCfg = Release|Any CPU
		{5793DCB6-F9F6-44BD-8569-8A6ECFD64E6F}.Ad-Hoc|iPhoneSimulator.Build.0 = Release|Any CPU
		{5793DCB6-F9F6-44BD-8569-8A6ECFD64E6F}.Ad-Hoc|iPhoneSimulator.Deploy.0 = Release|Any CPU
		{5793DCB6-F9F6-44BD-8569-8A6ECFD64E6F}.AppStore|Any CPU.ActiveCfg = Release|Any CPU
		{5793DCB6-F9F6-44BD-8569-8A6ECFD64E6F}.AppStore|Any CPU.Build.0 = Release|Any CPU
		{5793DCB6-F9F6-44BD-8569-8A6ECFD64E6F}.AppStore|Any CPU.Deploy.0 = Release|Any CPU
		{5793DCB6-F9F6-44BD-8569-8A6ECFD64E6F}.AppStore|iPhone.ActiveCfg = Release|Any CPU
		{5793DCB6-F9F6-44BD-8569-8A6ECFD64E6F}.AppStore|iPhone.Build.0 = Release|Any CPU
		{5793DCB6-F9F6-44BD-8569-8A6ECFD64E6F}.AppStore|iPhone.Deploy.0 = Release|Any CPU
		{5793DCB6-F9F6-44BD-8569-8A6ECFD64E6F}.AppStore|iPhoneSimulator.ActiveCfg = Release|Any CPU
		{5793DCB6-F9F6-44BD-8569-8A6ECFD64E6F}.AppStore|iPhoneSimulator.Build.0 = Release|Any CPU
		{5793DCB6-F9F6-44BD-8569-8A6ECFD64E6F}.AppStore|iPhoneSimulator.Deploy.0 = Release|Any CPU
		{5793DCB6-F9F6-44BD-8569-8A6ECFD64E6F}.Debug|Any CPU.ActiveCfg = Debug|Any CPU
		{5793DCB6-F9F6-44BD-8569-8A6ECFD64E6F}.Debug|Any CPU.Build.0 = Debug|Any CPU
		{5793DCB6-F9F6-44BD-8569-8A6ECFD64E6F}.Debug|Any CPU.Deploy.0 = Debug|Any CPU
		{5793DCB6-F9F6-44BD-8569-8A6ECFD64E6F}.Debug|iPhone.ActiveCfg = Debug|Any CPU
		{5793DCB6-F9F6-44BD-8569-8A6ECFD64E6F}.Debug|iPhone.Build.0 = Debug|Any CPU
		{5793DCB6-F9F6-44BD-8569-8A6ECFD64E6F}.Debug|iPhone.Deploy.0 = Debug|Any CPU
		{5793DCB6-F9F6-44BD-8569-8A6ECFD64E6F}.Debug|iPhoneSimulator.ActiveCfg = Debug|Any CPU
		{5793DCB6-F9F6-44BD-8569-8A6ECFD64E6F}.Debug|iPhoneSimulator.Build.0 = Debug|Any CPU
		{5793DCB6-F9F6-44BD-8569-8A6ECFD64E6F}.Debug|iPhoneSimulator.Deploy.0 = Debug|Any CPU
		{5793DCB6-F9F6-44BD-8569-8A6ECFD64E6F}.Release|Any CPU.ActiveCfg = Release|Any CPU
		{5793DCB6-F9F6-44BD-8569-8A6ECFD64E6F}.Release|Any CPU.Build.0 = Release|Any CPU
		{5793DCB6-F9F6-44BD-8569-8A6ECFD64E6F}.Release|Any CPU.Deploy.0 = Release|Any CPU
		{5793DCB6-F9F6-44BD-8569-8A6ECFD64E6F}.Release|iPhone.ActiveCfg = Release|Any CPU
		{5793DCB6-F9F6-44BD-8569-8A6ECFD64E6F}.Release|iPhone.Build.0 = Release|Any CPU
		{5793DCB6-F9F6-44BD-8569-8A6ECFD64E6F}.Release|iPhone.Deploy.0 = Release|Any CPU
		{5793DCB6-F9F6-44BD-8569-8A6ECFD64E6F}.Release|iPhoneSimulator.ActiveCfg = Release|Any CPU
		{5793DCB6-F9F6-44BD-8569-8A6ECFD64E6F}.Release|iPhoneSimulator.Build.0 = Release|Any CPU
		{5793DCB6-F9F6-44BD-8569-8A6ECFD64E6F}.Release|iPhoneSimulator.Deploy.0 = Release|Any CPU
		{7EC2AB4A-1404-4D5E-820A-0805F8234A71}.Ad-Hoc|Any CPU.ActiveCfg = Ad-Hoc|iPhone
		{7EC2AB4A-1404-4D5E-820A-0805F8234A71}.Ad-Hoc|Any CPU.Build.0 = Ad-Hoc|iPhone
		{7EC2AB4A-1404-4D5E-820A-0805F8234A71}.Ad-Hoc|Any CPU.Deploy.0 = Ad-Hoc|iPhone
		{7EC2AB4A-1404-4D5E-820A-0805F8234A71}.Ad-Hoc|iPhone.ActiveCfg = Ad-Hoc|iPhone
		{7EC2AB4A-1404-4D5E-820A-0805F8234A71}.Ad-Hoc|iPhone.Build.0 = Ad-Hoc|iPhone
		{7EC2AB4A-1404-4D5E-820A-0805F8234A71}.Ad-Hoc|iPhone.Deploy.0 = Ad-Hoc|iPhone
		{7EC2AB4A-1404-4D5E-820A-0805F8234A71}.Ad-Hoc|iPhoneSimulator.ActiveCfg = Ad-Hoc|iPhoneSimulator
		{7EC2AB4A-1404-4D5E-820A-0805F8234A71}.Ad-Hoc|iPhoneSimulator.Build.0 = Ad-Hoc|iPhoneSimulator
		{7EC2AB4A-1404-4D5E-820A-0805F8234A71}.Ad-Hoc|iPhoneSimulator.Deploy.0 = Ad-Hoc|iPhoneSimulator
		{7EC2AB4A-1404-4D5E-820A-0805F8234A71}.AppStore|Any CPU.ActiveCfg = AppStore|iPhone
		{7EC2AB4A-1404-4D5E-820A-0805F8234A71}.AppStore|Any CPU.Build.0 = AppStore|iPhone
		{7EC2AB4A-1404-4D5E-820A-0805F8234A71}.AppStore|Any CPU.Deploy.0 = AppStore|iPhone
		{7EC2AB4A-1404-4D5E-820A-0805F8234A71}.AppStore|iPhone.ActiveCfg = AppStore|iPhone
		{7EC2AB4A-1404-4D5E-820A-0805F8234A71}.AppStore|iPhone.Build.0 = AppStore|iPhone
		{7EC2AB4A-1404-4D5E-820A-0805F8234A71}.AppStore|iPhone.Deploy.0 = AppStore|iPhone
		{7EC2AB4A-1404-4D5E-820A-0805F8234A71}.AppStore|iPhoneSimulator.ActiveCfg = AppStore|iPhoneSimulator
		{7EC2AB4A-1404-4D5E-820A-0805F8234A71}.AppStore|iPhoneSimulator.Build.0 = AppStore|iPhoneSimulator
		{7EC2AB4A-1404-4D5E-820A-0805F8234A71}.AppStore|iPhoneSimulator.Deploy.0 = AppStore|iPhoneSimulator
		{7EC2AB4A-1404-4D5E-820A-0805F8234A71}.Debug|Any CPU.ActiveCfg = Debug|iPhoneSimulator
		{7EC2AB4A-1404-4D5E-820A-0805F8234A71}.Debug|Any CPU.Build.0 = Debug|iPhoneSimulator
		{7EC2AB4A-1404-4D5E-820A-0805F8234A71}.Debug|Any CPU.Deploy.0 = Debug|iPhoneSimulator
		{7EC2AB4A-1404-4D5E-820A-0805F8234A71}.Debug|iPhone.ActiveCfg = Debug|iPhone
		{7EC2AB4A-1404-4D5E-820A-0805F8234A71}.Debug|iPhone.Build.0 = Debug|iPhone
		{7EC2AB4A-1404-4D5E-820A-0805F8234A71}.Debug|iPhone.Deploy.0 = Debug|iPhone
		{7EC2AB4A-1404-4D5E-820A-0805F8234A71}.Debug|iPhoneSimulator.ActiveCfg = Debug|iPhoneSimulator
		{7EC2AB4A-1404-4D5E-820A-0805F8234A71}.Debug|iPhoneSimulator.Build.0 = Debug|iPhoneSimulator
		{7EC2AB4A-1404-4D5E-820A-0805F8234A71}.Debug|iPhoneSimulator.Deploy.0 = Debug|iPhoneSimulator
		{7EC2AB4A-1404-4D5E-820A-0805F8234A71}.Release|Any CPU.ActiveCfg = Release|iPhone
		{7EC2AB4A-1404-4D5E-820A-0805F8234A71}.Release|Any CPU.Build.0 = Release|iPhone
		{7EC2AB4A-1404-4D5E-820A-0805F8234A71}.Release|Any CPU.Deploy.0 = Release|iPhone
		{7EC2AB4A-1404-4D5E-820A-0805F8234A71}.Release|iPhone.ActiveCfg = Release|iPhone
		{7EC2AB4A-1404-4D5E-820A-0805F8234A71}.Release|iPhone.Build.0 = Release|iPhone
		{7EC2AB4A-1404-4D5E-820A-0805F8234A71}.Release|iPhone.Deploy.0 = Release|iPhone
		{7EC2AB4A-1404-4D5E-820A-0805F8234A71}.Release|iPhoneSimulator.ActiveCfg = Release|iPhoneSimulator
		{7EC2AB4A-1404-4D5E-820A-0805F8234A71}.Release|iPhoneSimulator.Build.0 = Release|iPhoneSimulator
		{7EC2AB4A-1404-4D5E-820A-0805F8234A71}.Release|iPhoneSimulator.Deploy.0 = Release|iPhoneSimulator
		{C9D7F6E9-DBC4-40C4-84C2-3ADF3FB59DD9}.Ad-Hoc|Any CPU.ActiveCfg = Debug|Any CPU
		{C9D7F6E9-DBC4-40C4-84C2-3ADF3FB59DD9}.Ad-Hoc|Any CPU.Build.0 = Debug|Any CPU
		{C9D7F6E9-DBC4-40C4-84C2-3ADF3FB59DD9}.Ad-Hoc|Any CPU.Deploy.0 = Debug|Any CPU
		{C9D7F6E9-DBC4-40C4-84C2-3ADF3FB59DD9}.Ad-Hoc|iPhone.ActiveCfg = Debug|Any CPU
		{C9D7F6E9-DBC4-40C4-84C2-3ADF3FB59DD9}.Ad-Hoc|iPhone.Build.0 = Debug|Any CPU
		{C9D7F6E9-DBC4-40C4-84C2-3ADF3FB59DD9}.Ad-Hoc|iPhone.Deploy.0 = Debug|Any CPU
		{C9D7F6E9-DBC4-40C4-84C2-3ADF3FB59DD9}.Ad-Hoc|iPhoneSimulator.ActiveCfg = Debug|Any CPU
		{C9D7F6E9-DBC4-40C4-84C2-3ADF3FB59DD9}.Ad-Hoc|iPhoneSimulator.Build.0 = Debug|Any CPU
		{C9D7F6E9-DBC4-40C4-84C2-3ADF3FB59DD9}.Ad-Hoc|iPhoneSimulator.Deploy.0 = Debug|Any CPU
		{C9D7F6E9-DBC4-40C4-84C2-3ADF3FB59DD9}.AppStore|Any CPU.ActiveCfg = Debug|Any CPU
		{C9D7F6E9-DBC4-40C4-84C2-3ADF3FB59DD9}.AppStore|Any CPU.Build.0 = Debug|Any CPU
		{C9D7F6E9-DBC4-40C4-84C2-3ADF3FB59DD9}.AppStore|Any CPU.Deploy.0 = Debug|Any CPU
		{C9D7F6E9-DBC4-40C4-84C2-3ADF3FB59DD9}.AppStore|iPhone.ActiveCfg = Debug|Any CPU
		{C9D7F6E9-DBC4-40C4-84C2-3ADF3FB59DD9}.AppStore|iPhone.Build.0 = Debug|Any CPU
		{C9D7F6E9-DBC4-40C4-84C2-3ADF3FB59DD9}.AppStore|iPhone.Deploy.0 = Debug|Any CPU
		{C9D7F6E9-DBC4-40C4-84C2-3ADF3FB59DD9}.AppStore|iPhoneSimulator.ActiveCfg = Debug|Any CPU
		{C9D7F6E9-DBC4-40C4-84C2-3ADF3FB59DD9}.AppStore|iPhoneSimulator.Build.0 = Debug|Any CPU
		{C9D7F6E9-DBC4-40C4-84C2-3ADF3FB59DD9}.AppStore|iPhoneSimulator.Deploy.0 = Debug|Any CPU
		{C9D7F6E9-DBC4-40C4-84C2-3ADF3FB59DD9}.Debug|Any CPU.ActiveCfg = Debug|Any CPU
		{C9D7F6E9-DBC4-40C4-84C2-3ADF3FB59DD9}.Debug|Any CPU.Build.0 = Debug|Any CPU
		{C9D7F6E9-DBC4-40C4-84C2-3ADF3FB59DD9}.Debug|Any CPU.Deploy.0 = Debug|Any CPU
		{C9D7F6E9-DBC4-40C4-84C2-3ADF3FB59DD9}.Debug|iPhone.ActiveCfg = Debug|Any CPU
		{C9D7F6E9-DBC4-40C4-84C2-3ADF3FB59DD9}.Debug|iPhone.Build.0 = Debug|Any CPU
		{C9D7F6E9-DBC4-40C4-84C2-3ADF3FB59DD9}.Debug|iPhone.Deploy.0 = Debug|Any CPU
		{C9D7F6E9-DBC4-40C4-84C2-3ADF3FB59DD9}.Debug|iPhoneSimulator.ActiveCfg = Debug|Any CPU
		{C9D7F6E9-DBC4-40C4-84C2-3ADF3FB59DD9}.Debug|iPhoneSimulator.Build.0 = Debug|Any CPU
		{C9D7F6E9-DBC4-40C4-84C2-3ADF3FB59DD9}.Debug|iPhoneSimulator.Deploy.0 = Debug|Any CPU
		{C9D7F6E9-DBC4-40C4-84C2-3ADF3FB59DD9}.Release|Any CPU.ActiveCfg = Release|Any CPU
		{C9D7F6E9-DBC4-40C4-84C2-3ADF3FB59DD9}.Release|Any CPU.Build.0 = Release|Any CPU
		{C9D7F6E9-DBC4-40C4-84C2-3ADF3FB59DD9}.Release|Any CPU.Deploy.0 = Release|Any CPU
		{C9D7F6E9-DBC4-40C4-84C2-3ADF3FB59DD9}.Release|iPhone.ActiveCfg = Release|Any CPU
		{C9D7F6E9-DBC4-40C4-84C2-3ADF3FB59DD9}.Release|iPhone.Build.0 = Release|Any CPU
		{C9D7F6E9-DBC4-40C4-84C2-3ADF3FB59DD9}.Release|iPhone.Deploy.0 = Release|Any CPU
		{C9D7F6E9-DBC4-40C4-84C2-3ADF3FB59DD9}.Release|iPhoneSimulator.ActiveCfg = Release|Any CPU
		{C9D7F6E9-DBC4-40C4-84C2-3ADF3FB59DD9}.Release|iPhoneSimulator.Build.0 = Release|Any CPU
		{C9D7F6E9-DBC4-40C4-84C2-3ADF3FB59DD9}.Release|iPhoneSimulator.Deploy.0 = Release|Any CPU
	EndGlobalSection
	GlobalSection(SolutionProperties) = preSolution
		HideSolutionNode = FALSE
	EndGlobalSection
	GlobalSection(ExtensibilityGlobals) = postSolution
		SolutionGuid = {3D91CF90-125E-4CCE-AE45-3F282295CDF8}
	EndGlobalSection
EndGlobal
